
Microsoft Visual Studio Solution File, Format Version 12.00
# Visual Studio Version 17
VisualStudioVersion = 17.9.34723.18
MinimumVisualStudioVersion = 10.0.40219.1
Project("{8BC9CEB8-8B4A-11D0-8D11-00A0C91BC942}") = "BiniGame", "BiniGame.vcxproj", "{4752CB48-3E83-4AEB-BC16-E536934F39F4}"
EndProject
Global
	GlobalSection(SolutionConfigurationPlatforms) = preSolution
		Debug|x64 = Debug|x64
		Debug|x86 = Debug|x86
		Release|x64 = Release|x64
		Release|x86 = Release|x86
	EndGlobalSection
	GlobalSection(ProjectConfigurationPlatforms) = postSolution
		{4752CB48-3E83-4AEB-BC16-E536934F39F4}.Debug|x64.ActiveCfg = Debug|x64
		{4752CB48-3E83-4AEB-BC16-E536934F39F4}.Debug|x64.Build.0 = Debug|x64
		{4752CB48-3E83-4AEB-BC16-E536934F39F4}.Debug|x86.ActiveCfg = Debug|Win32
		{4752CB48-3E83-4AEB-BC16-E536934F39F4}.Debug|x86.Build.0 = Debug|Win32
		{4752CB48-3E83-4AEB-BC16-E536934F39F4}.Release|x64.ActiveCfg = Release|x64
		{4752CB48-3E83-4AEB-BC16-E536934F39F4}.Release|x64.Build.0 = Release|x64
		{4752CB48-3E83-4AEB-BC16-E536934F39F4}.Release|x86.ActiveCfg = Release|Win32
		{4752CB48-3E83-4AEB-BC16-E536934F39F4}.Release|x86.Build.0 = Release|Win32
	EndGlobalSection
	GlobalSection(SolutionProperties) = preSolution
		HideSolutionNode = FALSE
	EndGlobalSection
	GlobalSection(ExtensibilityGlobals) = postSolution
		SolutionGuid = {A1E97DF5-C1EB-4D9B-BCC7-6B5524092B30}
	EndGlobalSection
EndGlobal
